// !$*UTF8*$!
{
	archiveVersion = 1;
	classes = {
	};
	objectVersion = 50;
	objects = {

/* Begin PBXBuildFile section */
		ED6E887422C77DCB0082CCEC /* AppDelegate.swift in Sources */ = {isa = PBXBuildFile; fileRef = ED6E887322C77DCB0082CCEC /* AppDelegate.swift */; };
		ED6E887622C77DCB0082CCEC /* ViewController.swift in Sources */ = {isa = PBXBuildFile; fileRef = ED6E887522C77DCB0082CCEC /* ViewController.swift */; };
		ED6E887922C77DCB0082CCEC /* Main.storyboard in Resources */ = {isa = PBXBuildFile; fileRef = ED6E887722C77DCB0082CCEC /* Main.storyboard */; };
		ED6E887B22C77DCC0082CCEC /* Assets.xcassets in Resources */ = {isa = PBXBuildFile; fileRef = ED6E887A22C77DCC0082CCEC /* Assets.xcassets */; };
		ED6E887E22C77DCC0082CCEC /* LaunchScreen.storyboard in Resources */ = {isa = PBXBuildFile; fileRef = ED6E887C22C77DCC0082CCEC /* LaunchScreen.storyboard */; };
		ED6E888922C77DCC0082CCEC /* DemoSwiftTests.swift in Sources */ = {isa = PBXBuildFile; fileRef = ED6E888822C77DCC0082CCEC /* DemoSwiftTests.swift */; };
		ED6E889422C77DCC0082CCEC /* DemoSwiftUITests.swift in Sources */ = {isa = PBXBuildFile; fileRef = ED6E889322C77DCC0082CCEC /* DemoSwiftUITests.swift */; };
/* End PBXBuildFile section */

/* Begin PBXContainerItemProxy section */
		ED6E888522C77DCC0082CCEC /* PBXContainerItemProxy */ = {
			isa = PBXContainerItemProxy;
			containerPortal = ED6E886822C77DCB0082CCEC /* Project object */;
			proxyType = 1;
			remoteGlobalIDString = ED6E886F22C77DCB0082CCEC;
			remoteInfo = DemoSwift;
		};
		ED6E889022C77DCC0082CCEC /* PBXContainerItemProxy */ = {
			isa = PBXContainerItemProxy;
			containerPortal = ED6E886822C77DCB0082CCEC /* Project object */;
			proxyType = 1;
			remoteGlobalIDString = ED6E886F22C77DCB0082CCEC;
			remoteInfo = DemoSwift;
		};
/* End PBXContainerItemProxy section */

/* Begin PBXFileReference section */
		ED6E887022C77DCB0082CCEC /* DemoSwift.app */ = {isa = PBXFileReference; explicitFileType = wrapper.application; includeInIndex = 0; path = DemoSwift.app; sourceTree = BUILT_PRODUCTS_DIR; };
		ED6E887322C77DCB0082CCEC /* AppDelegate.swift */ = {isa = PBXFileReference; lastKnownFileType = sourcecode.swift; path = AppDelegate.swift; sourceTree = "<group>"; };
		ED6E887522C77DCB0082CCEC /* ViewController.swift */ = {isa = PBXFileReference; lastKnownFileType = sourcecode.swift; path = ViewController.swift; sourceTree = "<group>"; };
		ED6E887822C77DCB0082CCEC /* Base */ = {isa = PBXFileReference; lastKnownFileType = file.storyboard; name = Base; path = Base.lproj/Main.storyboard; sourceTree = "<group>"; };
		ED6E887A22C77DCC0082CCEC /* Assets.xcassets */ = {isa = PBXFileReference; lastKnownFileType = folder.assetcatalog; path = Assets.xcassets; sourceTree = "<group>"; };
		ED6E887D22C77DCC0082CCEC /* Base */ = {isa = PBXFileReference; lastKnownFileType = file.storyboard; name = Base; path = Base.lproj/LaunchScreen.storyboard; sourceTree = "<group>"; };
		ED6E887F22C77DCC0082CCEC /* Info.plist */ = {isa = PBXFileReference; lastKnownFileType = text.plist.xml; path = Info.plist; sourceTree = "<group>"; };
		ED6E888422C77DCC0082CCEC /* DemoSwiftTests.xctest */ = {isa = PBXFileReference; explicitFileType = wrapper.cfbundle; includeInIndex = 0; path = DemoSwiftTests.xctest; sourceTree = BUILT_PRODUCTS_DIR; };
		ED6E888822C77DCC0082CCEC /* DemoSwiftTests.swift */ = {isa = PBXFileReference; lastKnownFileType = sourcecode.swift; path = DemoSwiftTests.swift; sourceTree = "<group>"; };
		ED6E888A22C77DCC0082CCEC /* Info.plist */ = {isa = PBXFileReference; lastKnownFileType = text.plist.xml; path = Info.plist; sourceTree = "<group>"; };
		ED6E888F22C77DCC0082CCEC /* DemoSwiftUITests.xctest */ = {isa = PBXFileReference; explicitFileType = wrapper.cfbundle; includeInIndex = 0; path = DemoSwiftUITests.xctest; sourceTree = BUILT_PRODUCTS_DIR; };
		ED6E889322C77DCC0082CCEC /* DemoSwiftUITests.swift */ = {isa = PBXFileReference; lastKnownFileType = sourcecode.swift; path = DemoSwiftUITests.swift; sourceTree = "<group>"; };
		ED6E889522C77DCC0082CCEC /* Info.plist */ = {isa = PBXFileReference; lastKnownFileType = text.plist.xml; path = Info.plist; sourceTree = "<group>"; };
/* End PBXFileReference section */

/* Begin PBXFrameworksBuildPhase section */
		ED6E886D22C77DCB0082CCEC /* Frameworks */ = {
			isa = PBXFrameworksBuildPhase;
			buildActionMask = 2147483647;
			files = (
			);
			runOnlyForDeploymentPostprocessing = 0;
		};
		ED6E888122C77DCC0082CCEC /* Frameworks */ = {
			isa = PBXFrameworksBuildPhase;
			buildActionMask = 2147483647;
			files = (
			);
			runOnlyForDeploymentPostprocessing = 0;
		};
		ED6E888C22C77DCC0082CCEC /* Frameworks */ = {
			isa = PBXFrameworksBuildPhase;
			buildActionMask = 2147483647;
			files = (
			);
			runOnlyForDeploymentPostprocessing = 0;
		};
/* End PBXFrameworksBuildPhase section */

/* Begin PBXGroup section */
		ED6E886722C77DCB0082CCEC = {
			isa = PBXGroup;
			children = (
				ED6E887222C77DCB0082CCEC /* DemoSwift */,
				ED6E888722C77DCC0082CCEC /* DemoSwiftTests */,
				ED6E889222C77DCC0082CCEC /* DemoSwiftUITests */,
				ED6E887122C77DCB0082CCEC /* Products */,
			);
			sourceTree = "<group>";
		};
		ED6E887122C77DCB0082CCEC /* Products */ = {
			isa = PBXGroup;
			children = (
				ED6E887022C77DCB0082CCEC /* DemoSwift.app */,
				ED6E888422C77DCC0082CCEC /* DemoSwiftTests.xctest */,
				ED6E888F22C77DCC0082CCEC /* DemoSwiftUITests.xctest */,
			);
			name = Products;
			sourceTree = "<group>";
		};
		ED6E887222C77DCB0082CCEC /* DemoSwift */ = {
			isa = PBXGroup;
			children = (
				ED6E887322C77DCB0082CCEC /* AppDelegate.swift */,
				ED6E887522C77DCB0082CCEC /* ViewController.swift */,
				ED6E887722C77DCB0082CCEC /* Main.storyboard */,
				ED6E887A22C77DCC0082CCEC /* Assets.xcassets */,
				ED6E887C22C77DCC0082CCEC /* LaunchScreen.storyboard */,
				ED6E887F22C77DCC0082CCEC /* Info.plist */,
			);
			path = DemoSwift;
			sourceTree = "<group>";
		};
		ED6E888722C77DCC0082CCEC /* DemoSwiftTests */ = {
			isa = PBXGroup;
			children = (
				ED6E888822C77DCC0082CCEC /* DemoSwiftTests.swift */,
				ED6E888A22C77DCC0082CCEC /* Info.plist */,
			);
			path = DemoSwiftTests;
			sourceTree = "<group>";
		};
		ED6E889222C77DCC0082CCEC /* DemoSwiftUITests */ = {
			isa = PBXGroup;
			children = (
				ED6E889322C77DCC0082CCEC /* DemoSwiftUITests.swift */,
				ED6E889522C77DCC0082CCEC /* Info.plist */,
			);
			path = DemoSwiftUITests;
			sourceTree = "<group>";
		};
/* End PBXGroup section */

/* Begin PBXNativeTarget section */
		ED6E886F22C77DCB0082CCEC /* DemoSwift */ = {
			isa = PBXNativeTarget;
			buildConfigurationList = ED6E889822C77DCC0082CCEC /* Build configuration list for PBXNativeTarget "DemoSwift" */;
			buildPhases = (
				ED6E886C22C77DCB0082CCEC /* Sources */,
				ED6E886D22C77DCB0082CCEC /* Frameworks */,
				ED6E886E22C77DCB0082CCEC /* Resources */,
			);
			buildRules = (
			);
			dependencies = (
			);
			name = DemoSwift;
			productName = DemoSwift;
			productReference = ED6E887022C77DCB0082CCEC /* DemoSwift.app */;
			productType = "com.apple.product-type.application";
		};
		ED6E888322C77DCC0082CCEC /* DemoSwiftTests */ = {
			isa = PBXNativeTarget;
			buildConfigurationList = ED6E889B22C77DCC0082CCEC /* Build configuration list for PBXNativeTarget "DemoSwiftTests" */;
			buildPhases = (
				ED6E888022C77DCC0082CCEC /* Sources */,
				ED6E888122C77DCC0082CCEC /* Frameworks */,
				ED6E888222C77DCC0082CCEC /* Resources */,
			);
			buildRules = (
			);
			dependencies = (
				ED6E888622C77DCC0082CCEC /* PBXTargetDependency */,
			);
			name = DemoSwiftTests;
			productName = DemoSwiftTests;
			productReference = ED6E888422C77DCC0082CCEC /* DemoSwiftTests.xctest */;
			productType = "com.apple.product-type.bundle.unit-test";
		};
		ED6E888E22C77DCC0082CCEC /* DemoSwiftUITests */ = {
			isa = PBXNativeTarget;
			buildConfigurationList = ED6E889E22C77DCC0082CCEC /* Build configuration list for PBXNativeTarget "DemoSwiftUITests" */;
			buildPhases = (
				ED6E888B22C77DCC0082CCEC /* Sources */,
				ED6E888C22C77DCC0082CCEC /* Frameworks */,
				ED6E888D22C77DCC0082CCEC /* Resources */,
			);
			buildRules = (
			);
			dependencies = (
				ED6E889122C77DCC0082CCEC /* PBXTargetDependency */,
			);
			name = DemoSwiftUITests;
			productName = DemoSwiftUITests;
			productReference = ED6E888F22C77DCC0082CCEC /* DemoSwiftUITests.xctest */;
			productType = "com.apple.product-type.bundle.ui-testing";
		};
/* End PBXNativeTarget section */

/* Begin PBXProject section */
		ED6E886822C77DCB0082CCEC /* Project object */ = {
			isa = PBXProject;
			attributes = {
				LastSwiftUpdateCheck = 1020;
				LastUpgradeCheck = 1020;
				ORGANIZATIONNAME = Arth;
				TargetAttributes = {
					ED6E886F22C77DCB0082CCEC = {
						CreatedOnToolsVersion = 10.2.1;
					};
					ED6E888322C77DCC0082CCEC = {
						CreatedOnToolsVersion = 10.2.1;
						TestTargetID = ED6E886F22C77DCB0082CCEC;
					};
					ED6E888E22C77DCC0082CCEC = {
						CreatedOnToolsVersion = 10.2.1;
						TestTargetID = ED6E886F22C77DCB0082CCEC;
					};
				};
			};
			buildConfigurationList = ED6E886B22C77DCB0082CCEC /* Build configuration list for PBXProject "DemoSwift" */;
			compatibilityVersion = "Xcode 9.3";
			developmentRegion = en;
			hasScannedForEncodings = 0;
			knownRegions = (
				en,
				Base,
			);
			mainGroup = ED6E886722C77DCB0082CCEC;
			productRefGroup = ED6E887122C77DCB0082CCEC /* Products */;
			projectDirPath = "";
			projectRoot = "";
			targets = (
				ED6E886F22C77DCB0082CCEC /* DemoSwift */,
				ED6E888322C77DCC0082CCEC /* DemoSwiftTests */,
				ED6E888E22C77DCC0082CCEC /* DemoSwiftUITests */,
			);
		};
/* End PBXProject section */

/* Begin PBXResourcesBuildPhase section */
		ED6E886E22C77DCB0082CCEC /* Resources */ = {
			isa = PBXResourcesBuildPhase;
			buildActionMask = 2147483647;
			files = (
				ED6E887E22C77DCC0082CCEC /* LaunchScreen.storyboard in Resources */,
				ED6E887B22C77DCC0082CCEC /* Assets.xcassets in Resources */,
				ED6E887922C77DCB0082CCEC /* Main.storyboard in Resources */,
			);
			runOnlyForDeploymentPostprocessing = 0;
		};
		ED6E888222C77DCC0082CCEC /* Resources */ = {
			isa = PBXResourcesBuildPhase;
			buildActionMask = 2147483647;
			files = (
			);
			runOnlyForDeploymentPostprocessing = 0;
		};
		ED6E888D22C77DCC0082CCEC /* Resources */ = {
			isa = PBXResourcesBuildPhase;
			buildActionMask = 2147483647;
			files = (
			);
			runOnlyForDeploymentPostprocessing = 0;
		};
/* End PBXResourcesBuildPhase section */

/* Begin PBXSourcesBuildPhase section */
		ED6E886C22C77DCB0082CCEC /* Sources */ = {
			isa = PBXSourcesBuildPhase;
			buildActionMask = 2147483647;
			files = (
				ED6E887622C77DCB0082CCEC /* ViewController.swift in Sources */,
				ED6E887422C77DCB0082CCEC /* AppDelegate.swift in Sources */,
			);
			runOnlyForDeploymentPostprocessing = 0;
		};
		ED6E888022C77DCC0082CCEC /* Sources */ = {
			isa = PBXSourcesBuildPhase;
			buildActionMask = 2147483647;
			files = (
				ED6E888922C77DCC0082CCEC /* DemoSwiftTests.swift in Sources */,
			);
			runOnlyForDeploymentPostprocessing = 0;
		};
		ED6E888B22C77DCC0082CCEC /* Sources */ = {
			isa = PBXSourcesBuildPhase;
			buildActionMask = 2147483647;
			files = (
				ED6E889422C77DCC0082CCEC /* DemoSwiftUITests.swift in Sources */,
			);
			runOnlyForDeploymentPostprocessing = 0;
		};
/* End PBXSourcesBuildPhase section */

/* Begin PBXTargetDependency section */
		ED6E888622C77DCC0082CCEC /* PBXTargetDependency */ = {
			isa = PBXTargetDependency;
			target = ED6E886F22C77DCB0082CCEC /* DemoSwift */;
			targetProxy = ED6E888522C77DCC0082CCEC /* PBXContainerItemProxy */;
		};
		ED6E889122C77DCC0082CCEC /* PBXTargetDependency */ = {
			isa = PBXTargetDependency;
			target = ED6E886F22C77DCB0082CCEC /* DemoSwift */;
			targetProxy = ED6E889022C77DCC0082CCEC /* PBXContainerItemProxy */;
		};
/* End PBXTargetDependency section */

/* Begin PBXVariantGroup section */
		ED6E887722C77DCB0082CCEC /* Main.storyboard */ = {
			isa = PBXVariantGroup;
			children = (
				ED6E887822C77DCB0082CCEC /* Base */,
			);
			name = Main.storyboard;
			sourceTree = "<group>";
		};
		ED6E887C22C77DCC0082CCEC /* LaunchScreen.storyboard */ = {
			isa = PBXVariantGroup;
			children = (
				ED6E887D22C77DCC0082CCEC /* Base */,
			);
			name = LaunchScreen.storyboard;
			sourceTree = "<group>";
		};
/* End PBXVariantGroup section */

/* Begin XCBuildConfiguration section */
		ED6E889622C77DCC0082CCEC /* Debug */ = {
			isa = XCBuildConfiguration;
			buildSettings = {
				ALWAYS_SEARCH_USER_PATHS = NO;
				CLANG_ANALYZER_NONNULL = YES;
				CLANG_ANALYZER_NUMBER_OBJECT_CONVERSION = YES_AGGRESSIVE;
				CLANG_CXX_LANGUAGE_STANDARD = "gnu++14";
				CLANG_CXX_LIBRARY = "libc++";
				CLANG_ENABLE_MODULES = YES;
				CLANG_ENABLE_OBJC_ARC = YES;
				CLANG_ENABLE_OBJC_WEAK = YES;
				CLANG_WARN_BLOCK_CAPTURE_AUTORELEASING = YES;
				CLANG_WARN_BOOL_CONVERSION = YES;
				CLANG_WARN_COMMA = YES;
				CLANG_WARN_CONSTANT_CONVERSION = YES;
				CLANG_WARN_DEPRECATED_OBJC_IMPLEMENTATIONS = YES;
				CLANG_WARN_DIRECT_OBJC_ISA_USAGE = YES_ERROR;
				CLANG_WARN_DOCUMENTATION_COMMENTS = YES;
				CLANG_WARN_EMPTY_BODY = YES;
				CLANG_WARN_ENUM_CONVERSION = YES;
				CLANG_WARN_INFINITE_RECURSION = YES;
				CLANG_WARN_INT_CONVERSION = YES;
				CLANG_WARN_NON_LITERAL_NULL_CONVERSION = YES;
				CLANG_WARN_OBJC_IMPLICIT_RETAIN_SELF = YES;
				CLANG_WARN_OBJC_LITERAL_CONVERSION = YES;
				CLANG_WARN_OBJC_ROOT_CLASS = YES_ERROR;
				CLANG_WARN_RANGE_LOOP_ANALYSIS = YES;
				CLANG_WARN_STRICT_PROTOTYPES = YES;
				CLANG_WARN_SUSPICIOUS_MOVE = YES;
				CLANG_WARN_UNGUARDED_AVAILABILITY = YES_AGGRESSIVE;
				CLANG_WARN_UNREACHABLE_CODE = YES;
				CLANG_WARN__DUPLICATE_METHOD_MATCH = YES;
				CODE_SIGN_IDENTITY = "iPhone Developer";
				COPY_PHASE_STRIP = NO;
				DEBUG_INFORMATION_FORMAT = dwarf;
				ENABLE_STRICT_OBJC_MSGSEND = YES;
				ENABLE_TESTABILITY = YES;
				GCC_C_LANGUAGE_STANDARD = gnu11;
				GCC_DYNAMIC_NO_PIC = NO;
				GCC_NO_COMMON_BLOCKS = YES;
				GCC_OPTIMIZATION_LEVEL = 0;
				GCC_PREPROCESSOR_DEFINITIONS = (
					"DEBUG=1",
					"$(inherited)",
				);
				GCC_WARN_64_TO_32_BIT_CONVERSION = YES;
				GCC_WARN_ABOUT_RETURN_TYPE = YES_ERROR;
				GCC_WARN_UNDECLARED_SELECTOR = YES;
				GCC_WARN_UNINITIALIZED_AUTOS = YES_AGGRESSIVE;
				GCC_WARN_UNUSED_FUNCTION = YES;
				GCC_WARN_UNUSED_VARIABLE = YES;
				IPHONEOS_DEPLOYMENT_TARGET = 12.2;
				MTL_ENABLE_DEBUG_INFO = INCLUDE_SOURCE;
				MTL_FAST_MATH = YES;
				ONLY_ACTIVE_ARCH = YES;
				SDKROOT = iphoneos;
				SWIFT_ACTIVE_COMPILATION_CONDITIONS = DEBUG;
				SWIFT_OPTIMIZATION_LEVEL = "-Onone";
			};
			name = Debug;
		};
		ED6E889722C77DCC0082CCEC /* Release */ = {
			isa = XCBuildConfiguration;
			buildSettings = {
				ALWAYS_SEARCH_USER_PATHS = NO;
				CLANG_ANALYZER_NONNULL = YES;
				CLANG_ANALYZER_NUMBER_OBJECT_CONVERSION = YES_AGGRESSIVE;
				CLANG_CXX_LANGUAGE_STANDARD = "gnu++14";
				CLANG_CXX_LIBRARY = "libc++";
				CLANG_ENABLE_MODULES = YES;
				CLANG_ENABLE_OBJC_ARC = YES;
				CLANG_ENABLE_OBJC_WEAK = YES;
				CLANG_WARN_BLOCK_CAPTURE_AUTORELEASING = YES;
				CLANG_WARN_BOOL_CONVERSION = YES;
				CLANG_WARN_COMMA = YES;
				CLANG_WARN_CONSTANT_CONVERSION = YES;
				CLANG_WARN_DEPRECATED_OBJC_IMPLEMENTATIONS = YES;
				CLANG_WARN_DIRECT_OBJC_ISA_USAGE = YES_ERROR;
				CLANG_WARN_DOCUMENTATION_COMMENTS = YES;
				CLANG_WARN_EMPTY_BODY = YES;
				CLANG_WARN_ENUM_CONVERSION = YES;
				CLANG_WARN_INFINITE_RECURSION = YES;
				CLANG_WARN_INT_CONVERSION = YES;
				CLANG_WARN_NON_LITERAL_NULL_CONVERSION = YES;
				CLANG_WARN_OBJC_IMPLICIT_RETAIN_SELF = YES;
				CLANG_WARN_OBJC_LITERAL_CONVERSION = YES;
				CLANG_WARN_OBJC_ROOT_CLASS = YES_ERROR;
				CLANG_WARN_RANGE_LOOP_ANALYSIS = YES;
				CLANG_WARN_STRICT_PROTOTYPES = YES;
				CLANG_WARN_SUSPICIOUS_MOVE = YES;
				CLANG_WARN_UNGUARDED_AVAILABILITY = YES_AGGRESSIVE;
				CLANG_WARN_UNREACHABLE_CODE = YES;
				CLANG_WARN__DUPLICATE_METHOD_MATCH = YES;
				CODE_SIGN_IDENTITY = "iPhone Developer";
				COPY_PHASE_STRIP = NO;
				DEBUG_INFORMATION_FORMAT = "dwarf-with-dsym";
				ENABLE_NS_ASSERTIONS = NO;
				ENABLE_STRICT_OBJC_MSGSEND = YES;
				GCC_C_LANGUAGE_STANDARD = gnu11;
				GCC_NO_COMMON_BLOCKS = YES;
				GCC_WARN_64_TO_32_BIT_CONVERSION = YES;
				GCC_WARN_ABOUT_RETURN_TYPE = YES_ERROR;
				GCC_WARN_UNDECLARED_SELECTOR = YES;
				GCC_WARN_UNINITIALIZED_AUTOS = YES_AGGRESSIVE;
				GCC_WARN_UNUSED_FUNCTION = YES;
				GCC_WARN_UNUSED_VARIABLE = YES;
				IPHONEOS_DEPLOYMENT_TARGET = 12.2;
				MTL_ENABLE_DEBUG_INFO = NO;
				MTL_FAST_MATH = YES;
				SDKROOT = iphoneos;
				SWIFT_COMPILATION_MODE = wholemodule;
				SWIFT_OPTIMIZATION_LEVEL = "-O";
				VALIDATE_PRODUCT = YES;
			};
			name = Release;
		};
		ED6E889922C77DCC0082CCEC /* Debug */ = {
			isa = XCBuildConfiguration;
			buildSettings = {
				ASSETCATALOG_COMPILER_APPICON_NAME = AppIcon;
				CODE_SIGN_STYLE = Automatic;
				DEVELOPMENT_TEAM = UFAKGU93EN;
				INFOPLIST_FILE = DemoSwift/Info.plist;
				LD_RUNPATH_SEARCH_PATHS = (
					"$(inherited)",
					"@executable_path/Frameworks",
				);
				PRODUCT_BUNDLE_IDENTIFIER = com.Arth.DemoSwift;
				PRODUCT_NAME = "$(TARGET_NAME)";
				SWIFT_VERSION = 5.0;
				TARGETED_DEVICE_FAMILY = "1,2";
			};
			name = Debug;
		};
		ED6E889A22C77DCC0082CCEC /* Release */ = {
			isa = XCBuildConfiguration;
			buildSettings = {
				ASSETCATALOG_COMPILER_APPICON_NAME = AppIcon;
				CODE_SIGN_STYLE = Automatic;
				DEVELOPMENT_TEAM = UFAKGU93EN;
				INFOPLIST_FILE = DemoSwift/Info.plist;
				LD_RUNPATH_SEARCH_PATHS = (
					"$(inherited)",
					"@executable_path/Frameworks",
				);
				PRODUCT_BUNDLE_IDENTIFIER = com.Arth.DemoSwift;
				PRODUCT_NAME = "$(TARGET_NAME)";
				SWIFT_VERSION = 5.0;
				TARGETED_DEVICE_FAMILY = "1,2";
			};
			name = Release;
		};
		ED6E889C22C77DCC0082CCEC /* Debug */ = {
			isa = XCBuildConfiguration;
			buildSettings = {
				ALWAYS_EMBED_SWIFT_STANDARD_LIBRARIES = YES;
				BUNDLE_LOADER = "$(TEST_HOST)";
				CODE_SIGN_STYLE = Automatic;
				DEVELOPMENT_TEAM = UFAKGU93EN;
				INFOPLIST_FILE = DemoSwiftTests/Info.plist;
				LD_RUNPATH_SEARCH_PATHS = (
					"$(inherited)",
					"@executable_path/Frameworks",
					"@loader_path/Frameworks",
				);
				PRODUCT_BUNDLE_IDENTIFIER = com.Arth.DemoSwiftTests;
				PRODUCT_NAME = "$(TARGET_NAME)";
				SWIFT_VERSION = 5.0;
				TARGETED_DEVICE_FAMILY = "1,2";
				TEST_HOST = "$(BUILT_PRODUCTS_DIR)/DemoSwift.app/DemoSwift";
			};
			name = Debug;
		};
		ED6E889D22C77DCC0082CCEC /* Release */ = {
			isa = XCBuildConfiguration;
			buildSettings = {
				ALWAYS_EMBED_SWIFT_STANDARD_LIBRARIES = YES;
				BUNDLE_LOADER = "$(TEST_HOST)";
				CODE_SIGN_STYLE = Automatic;
				DEVELOPMENT_TEAM = UFAKGU93EN;
				INFOPLIST_FILE = DemoSwiftTests/Info.plist;
				LD_RUNPATH_SEARCH_PATHS = (
					"$(inherited)",
					"@executable_path/Frameworks",
					"@loader_path/Frameworks",
				);
				PRODUCT_BUNDLE_IDENTIFIER = com.Arth.DemoSwiftTests;
				PRODUCT_NAME = "$(TARGET_NAME)";
				SWIFT_VERSION = 5.0;
				TARGETED_DEVICE_FAMILY = "1,2";
				TEST_HOST = "$(BUILT_PRODUCTS_DIR)/DemoSwift.app/DemoSwift";
			};
			name = Release;
		};
		ED6E889F22C77DCC0082CCEC /* Debug */ = {
			isa = XCBuildConfiguration;
			buildSettings = {
				ALWAYS_EMBED_SWIFT_STANDARD_LIBRARIES = YES;
				CODE_SIGN_STYLE = Automatic;
				DEVELOPMENT_TEAM = UFAKGU93EN;
				INFOPLIST_FILE = DemoSwiftUITests/Info.plist;
				LD_RUNPATH_SEARCH_PATHS = (
					"$(inherited)",
					"@executable_path/Frameworks",
					"@loader_path/Frameworks",
				);
				PRODUCT_BUNDLE_IDENTIFIER = com.Arth.DemoSwiftUITests;
				PRODUCT_NAME = "$(TARGET_NAME)";
				SWIFT_VERSION = 5.0;
				TARGETED_DEVICE_FAMILY = "1,2";
				TEST_TARGET_NAME = DemoSwift;
			};
			name = Debug;
		};
		ED6E88A022C77DCC0082CCEC /* Release */ = {
			isa = XCBuildConfiguration;
			buildSettings = {
				ALWAYS_EMBED_SWIFT_STANDARD_LIBRARIES = YES;
				CODE_SIGN_STYLE = Automatic;
				DEVELOPMENT_TEAM = UFAKGU93EN;
				INFOPLIST_FILE = DemoSwiftUITests/Info.plist;
				LD_RUNPATH_SEARCH_PATHS = (
					"$(inherited)",
					"@executable_path/Frameworks",
					"@loader_path/Frameworks",
				);
				PRODUCT_BUNDLE_IDENTIFIER = com.Arth.DemoSwiftUITests;
				PRODUCT_NAME = "$(TARGET_NAME)";
				SWIFT_VERSION = 5.0;
				TARGETED_DEVICE_FAMILY = "1,2";
				TEST_TARGET_NAME = DemoSwift;
			};
			name = Release;
		};
/* End XCBuildConfiguration section */

/* Begin XCConfigurationList section */
		ED6E886B22C77DCB0082CCEC /* Build configuration list for PBXProject "DemoSwift" */ = {
			isa = XCConfigurationList;
			buildConfigurations = (
				ED6E889622C77DCC0082CCEC /* Debug */,
				ED6E889722C77DCC0082CCEC /* Release */,
			);
			defaultConfigurationIsVisible = 0;
			defaultConfigurationName = Release;
		};
		ED6E889822C77DCC0082CCEC /* Build configuration list for PBXNativeTarget "DemoSwift" */ = {
			isa = XCConfigurationList;
			buildConfigurations = (
				ED6E889922C77DCC0082CCEC /* Debug */,
				ED6E889A22C77DCC0082CCEC /* Release */,
			);
			defaultConfigurationIsVisible = 0;
			defaultConfigurationName = Release;
		};
		ED6E889B22C77DCC0082CCEC /* Build configuration list for PBXNativeTarget "DemoSwiftTests" */ = {
			isa = XCConfigurationList;
			buildConfigurations = (
				ED6E889C22C77DCC0082CCEC /* Debug */,
				ED6E889D22C77DCC0082CCEC /* Release */,
			);
			defaultConfigurationIsVisible = 0;
			defaultConfigurationName = Release;
		};
		ED6E889E22C77DCC0082CCEC /* Build configuration list for PBXNativeTarget "DemoSwiftUITests" */ = {
			isa = XCConfigurationList;
			buildConfigurations = (
				ED6E889F22C77DCC0082CCEC /* Debug */,
				ED6E88A022C77DCC0082CCEC /* Release */,
			);
			defaultConfigurationIsVisible = 0;
			defaultConfigurationName = Release;
		};
/* End XCConfigurationList section */
	};
	rootObject = ED6E886822C77DCB0082CCEC /* Project object */;
}
